{
  "requires": true,
  "lockfileVersion": 1,
  "dependencies": {
    "pod-install": {
      "version": "0.1.27",
      "resolved": "https://registry.npmjs.org/pod-install/-/pod-install-0.1.27.tgz",
      "integrity": "sha512-t1bT52pqZq1SumvdVFqdsRAKUjFqRpoo3pIyditSpztV0nrVIqz5e5vDPxh1H1fH3GcgJ2ZqwkuKaFYnZXYjnQ=="
    }
  }
}
